<?xml version="1.0" encoding="utf-8"?>
<Project ToolsVersion="4.0" xmlns="http://schemas.microsoft.com/developer/msbuild/2003">
  <ItemGroup>
    <Filter Include="Source Files">
      <UniqueIdentifier>{4FC737F1-C7A5-4376-A066-2A32D752A2FF}</UniqueIdentifier>
      <Extensions>cpp;cxx;c;def</Extensions>
    </Filter>
    <Filter Include="Header Files">
      <UniqueIdentifier>{93995380-89BD-4b04-88EB-625FBE52EBFB}</UniqueIdentifier>
      <Extensions>h</Extensions>
    </Filter>
    <Filter Include="Resource Files">
      <UniqueIdentifier>{D9D6E242-F8AF-46E4-B9FD-80ECBC20BA3E}</UniqueIdentifier>
      <Extensions>qrc;*</Extensions>
      <ParseFiles>false</ParseFiles>
    </Filter>
    <Filter Include="Generated Files">
      <UniqueIdentifier>{71ED8ED8-ACB9-4CE9-BBE1-E00B30144E11}</UniqueIdentifier>
      <Extensions>moc;h;cpp</Extensions>
      <SourceControlFiles>False</SourceControlFiles>
    </Filter>
    <Filter Include="util">
      <UniqueIdentifier>{ef0141f6-bf59-4e54-8149-c7994465ae4e}</UniqueIdentifier>
    </Filter>
    <Filter Include="dbus_service">
      <UniqueIdentifier>{68e63f4f-aa96-43e4-bf40-dd68bc31ce3d}</UniqueIdentifier>
    </Filter>
    <Filter Include="dbus_client">
      <UniqueIdentifier>{8add0b01-2959-4382-9369-462400dbaeb7}</UniqueIdentifier>
    </Filter>
  </ItemGroup>
  <ItemGroup>
    <ClCompile Include="ConfigurationFile.cpp">
      <Filter>Source Files</Filter>
    </ClCompile>
    <ClCompile Include="main.cpp">
      <Filter>Source Files</Filter>
    </ClCompile>
    <ClCompile Include="GeneratedFiles\Release\moc_CvConfigAdaptor.cpp">
      <Filter>Generated Files</Filter>
    </ClCompile>
    <ClCompile Include="GeneratedFiles\Debug\moc_CvConfigAdaptor.cpp">
      <Filter>Generated Files</Filter>
    </ClCompile>
    <ClCompile Include="GeneratedFiles\Debug\moc_CvConfigService.cpp">
      <Filter>Generated Files</Filter>
    </ClCompile>
    <ClCompile Include="GeneratedFiles\Release\moc_CvConfigService.cpp">
      <Filter>Generated Files</Filter>
    </ClCompile>
    <ClCompile Include="GeneratedFiles\Release\moc_TelecontrollerIf.cpp">
      <Filter>Generated Files</Filter>
    </ClCompile>
    <ClCompile Include="GeneratedFiles\Debug\moc_TelecontrollerIf.cpp">
      <Filter>Generated Files</Filter>
    </ClCompile>
    <ClCompile Include="..\include\util\network\NetworkUtil.cpp">
      <Filter>util</Filter>
    </ClCompile>
    <ClCompile Include="..\include\dbus\configuration\service\CvConfigAdaptor.cpp">
      <Filter>dbus_service</Filter>
    </ClCompile>
    <ClCompile Include="CvConfigService.cpp">
      <Filter>dbus_service</Filter>
    </ClCompile>
    <ClCompile Include="..\include\dbus\telecontroller\client\TelecontrollerIf.cpp">
      <Filter>dbus_client</Filter>
    </ClCompile>
  </ItemGroup>
  <ItemGroup>
    <ClInclude Include="ConfigurationFile.h">
      <Filter>Header Files</Filter>
    </ClInclude>
    <ClInclude Include="..\include\util\network\NetworkUtil.h">
      <Filter>util</Filter>
    </ClInclude>
    <ClInclude Include="..\include\dbus\configuration\common\ConfigurationServiceCommon.h">
      <Filter>dbus_service</Filter>
    </ClInclude>
    <ClInclude Include="..\include\dbus\telecontroller\common\TelecontrollerServiceCommon.h">
      <Filter>dbus_client</Filter>
    </ClInclude>
  </ItemGroup>
  <ItemGroup>
    <CustomBuild Include="..\include\dbus\configuration\service\CvConfigAdaptor.h">
      <Filter>dbus_service</Filter>
    </CustomBuild>
    <CustomBuild Include="CvConfigService.h">
      <Filter>dbus_service</Filter>
    </CustomBuild>
    <CustomBuild Include="..\include\dbus\telecontroller\client\TelecontrollerIf.h">
      <Filter>dbus_client</Filter>
    </CustomBuild>
  </ItemGroup>
</Project>