<?xml version="1.0" encoding="utf-8"?>
<Project ToolsVersion="4.0" xmlns="http://schemas.microsoft.com/developer/msbuild/2003">
  <ItemGroup>
    <Filter Include="Source Files">
      <UniqueIdentifier>{73dc0e00-231e-4b6b-8244-23ecffda25b5}</UniqueIdentifier>
      <Extensions>cpp;c;cc;cxx;def;odl;idl;hpj;bat;asm;asmx</Extensions>
    </Filter>
    <Filter Include="Header Files">
      <UniqueIdentifier>{f4ae38d8-9993-4556-a09c-4ae3504ace50}</UniqueIdentifier>
      <Extensions>h;hpp;hxx;hm;inl;inc;xsd</Extensions>
    </Filter>
  </ItemGroup>
  <ItemGroup>
    <ClCompile Include="src\mfx_filter_utils.cpp">
      <Filter>Source Files</Filter>
    </ClCompile>
  </ItemGroup>
  <ItemGroup>
    <ClInclude Include="include\mfx_filter_defs.h">
      <Filter>Header Files</Filter>
    </ClInclude>
    <ClInclude Include="include\mfx_filter_externals.h">
      <Filter>Header Files</Filter>
    </ClInclude>
    <ClInclude Include="include\mfx_filter_externals_main.h">
      <Filter>Header Files</Filter>
    </ClInclude>
    <ClInclude Include="include\mfx_filter_guid.h">
      <Filter>Header Files</Filter>
    </ClInclude>
    <ClInclude Include="include\mfx_filter_register.h">
      <Filter>Header Files</Filter>
    </ClInclude>
  </ItemGroup>
</Project>