<?xml version="1.0" encoding="utf-8"?>
<Project ToolsVersion="4.0" xmlns="http://schemas.microsoft.com/developer/msbuild/2003">
  <ItemGroup>
    <Filter Include="Source Files">
      <UniqueIdentifier>{7928af22-2cae-45fb-86f4-1ce88add1661}</UniqueIdentifier>
      <Extensions>cpp;c;cc;cxx;def;odl;idl;hpj;bat;asm;asmx</Extensions>
    </Filter>
    <Filter Include="Header Files">
      <UniqueIdentifier>{6772d321-a264-413f-9b60-672f2dfc2086}</UniqueIdentifier>
      <Extensions>h;hpp;hxx;hm;inl;inc;xsd</Extensions>
    </Filter>
    <Filter Include="Resource Files">
      <UniqueIdentifier>{ff559e92-f4e4-4fa8-9647-252ae8836b34}</UniqueIdentifier>
    </Filter>
  </ItemGroup>
  <ItemGroup>
    <ClCompile Include="src\mfx_video_dec_filter.cpp">
      <Filter>Source Files</Filter>
    </ClCompile>
    <ClCompile Include="src\mfx_video_dec_proppage.cpp">
      <Filter>Source Files</Filter>
    </ClCompile>
  </ItemGroup>
  <ItemGroup>
    <ClInclude Include="include\mfx_video_dec_filter.h">
      <Filter>Header Files</Filter>
    </ClInclude>
    <ClInclude Include="include\mfx_video_dec_filter_utils.h">
      <Filter>Header Files</Filter>
    </ClInclude>
    <ClInclude Include="include\mfx_video_dec_proppage.h">
      <Filter>Header Files</Filter>
    </ClInclude>
    <ClInclude Include="res\resource.h">
      <Filter>Resource Files</Filter>
    </ClInclude>
  </ItemGroup>
  <ItemGroup>
    <Image Include="res\bitmap.bmp">
      <Filter>Resource Files</Filter>
    </Image>
  </ItemGroup>
</Project>